
Microsoft Visual Studio Solution File, Format Version 12.00
# Visual Studio 2012
Project("{FAE04EC0-301F-11D3-BF4B-00C04F79EFBC}") = "PingApp.Entity", "PingApp.Entity\PingApp.Entity.csproj", "{D1CA9A20-917D-44A6-A8D8-1CFE169FA204}"
EndProject
Project("{FAE04EC0-301F-11D3-BF4B-00C04F79EFBC}") = "PingApp.Schedule", "PingApp.Schedule\PingApp.Schedule.csproj", "{3DB456A4-EBCC-48AC-B4EE-C229BAACCC94}"
EndProject
Project("{FAE04EC0-301F-11D3-BF4B-00C04F79EFBC}") = "PingApp.Web", "PingApp.Web\PingApp.Web.csproj", "{FB328387-9EC4-4E5F-AB16-33F652D32DEE}"
EndProject
Project("{FAE04EC0-301F-11D3-BF4B-00C04F79EFBC}") = "PingApp.Repository", "PingApp.Repository\PingApp.Repository.csproj", "{65CE8A86-A790-4E23-8FC6-8D2569E86FCF}"
EndProject
Project("{FAE04EC0-301F-11D3-BF4B-00C04F79EFBC}") = "PingApp.Repository.Mongo", "PingApp.Repository.Mongo\PingApp.Repository.Mongo.csproj", "{4BEE7099-E9EF-4B8E-A6C4-F787949C7170}"
EndProject
Project("{FAE04EC0-301F-11D3-BF4B-00C04F79EFBC}") = "PingApp.Infrastructure", "PingApp.Infrastructure\PingApp.Infrastructure.csproj", "{2D8AC9EF-01DA-4188-BFCD-5E28AD74E420}"
EndProject
Project("{FAE04EC0-301F-11D3-BF4B-00C04F79EFBC}") = "PingApp.Infrastructure.Mock", "PingApp.Infrastructure.Mock\PingApp.Infrastructure.Mock.csproj", "{26CEDA22-9A0D-4B22-98D9-8508621D9C77}"
EndProject
Project("{FAE04EC0-301F-11D3-BF4B-00C04F79EFBC}") = "PingApp.Infrastructure.Default", "PingApp.Infrastructure.Default\PingApp.Infrastructure.Default.csproj", "{FB3B1DE3-87A6-447C-B652-D38C38488FCF}"
EndProject
Project("{FAE04EC0-301F-11D3-BF4B-00C04F79EFBC}") = "PingApp.Schedule.Test", "PingApp.Schedule.Test\PingApp.Schedule.Test.csproj", "{2E7B2FFF-69ED-4B4B-92C6-7F2DE565AB54}"
EndProject
Project("{FAE04EC0-301F-11D3-BF4B-00C04F79EFBC}") = "PingApp.Repository.MySql", "PingApp.Repository.MySql\PingApp.Repository.MySql.csproj", "{E05C38F1-2B9F-4F28-8106-4CA9EF3AAAB2}"
EndProject
Global
	GlobalSection(SolutionConfigurationPlatforms) = preSolution
		Debug|Any CPU = Debug|Any CPU
		Debug|Mixed Platforms = Debug|Mixed Platforms
		Debug|x86 = Debug|x86
		Release|Any CPU = Release|Any CPU
		Release|Mixed Platforms = Release|Mixed Platforms
		Release|x86 = Release|x86
	EndGlobalSection
	GlobalSection(ProjectConfigurationPlatforms) = postSolution
		{26CEDA22-9A0D-4B22-98D9-8508621D9C77}.Debug|Any CPU.ActiveCfg = Debug|Any CPU
		{26CEDA22-9A0D-4B22-98D9-8508621D9C77}.Debug|Any CPU.Build.0 = Debug|Any CPU
		{26CEDA22-9A0D-4B22-98D9-8508621D9C77}.Debug|Mixed Platforms.ActiveCfg = Debug|Any CPU
		{26CEDA22-9A0D-4B22-98D9-8508621D9C77}.Debug|Mixed Platforms.Build.0 = Debug|Any CPU
		{26CEDA22-9A0D-4B22-98D9-8508621D9C77}.Debug|x86.ActiveCfg = Debug|Any CPU
		{26CEDA22-9A0D-4B22-98D9-8508621D9C77}.Release|Any CPU.ActiveCfg = Release|Any CPU
		{26CEDA22-9A0D-4B22-98D9-8508621D9C77}.Release|Any CPU.Build.0 = Release|Any CPU
		{26CEDA22-9A0D-4B22-98D9-8508621D9C77}.Release|Mixed Platforms.ActiveCfg = Release|Any CPU
		{26CEDA22-9A0D-4B22-98D9-8508621D9C77}.Release|Mixed Platforms.Build.0 = Release|Any CPU
		{26CEDA22-9A0D-4B22-98D9-8508621D9C77}.Release|x86.ActiveCfg = Release|Any CPU
		{2D8AC9EF-01DA-4188-BFCD-5E28AD74E420}.Debug|Any CPU.ActiveCfg = Debug|Any CPU
		{2D8AC9EF-01DA-4188-BFCD-5E28AD74E420}.Debug|Any CPU.Build.0 = Debug|Any CPU
		{2D8AC9EF-01DA-4188-BFCD-5E28AD74E420}.Debug|Mixed Platforms.ActiveCfg = Debug|Any CPU
		{2D8AC9EF-01DA-4188-BFCD-5E28AD74E420}.Debug|Mixed Platforms.Build.0 = Debug|Any CPU
		{2D8AC9EF-01DA-4188-BFCD-5E28AD74E420}.Debug|x86.ActiveCfg = Debug|Any CPU
		{2D8AC9EF-01DA-4188-BFCD-5E28AD74E420}.Release|Any CPU.ActiveCfg = Release|Any CPU
		{2D8AC9EF-01DA-4188-BFCD-5E28AD74E420}.Release|Any CPU.Build.0 = Release|Any CPU
		{2D8AC9EF-01DA-4188-BFCD-5E28AD74E420}.Release|Mixed Platforms.ActiveCfg = Release|Any CPU
		{2D8AC9EF-01DA-4188-BFCD-5E28AD74E420}.Release|Mixed Platforms.Build.0 = Release|Any CPU
		{2D8AC9EF-01DA-4188-BFCD-5E28AD74E420}.Release|x86.ActiveCfg = Release|Any CPU
		{2E7B2FFF-69ED-4B4B-92C6-7F2DE565AB54}.Debug|Any CPU.ActiveCfg = Debug|Any CPU
		{2E7B2FFF-69ED-4B4B-92C6-7F2DE565AB54}.Debug|Any CPU.Build.0 = Debug|Any CPU
		{2E7B2FFF-69ED-4B4B-92C6-7F2DE565AB54}.Debug|Mixed Platforms.ActiveCfg = Debug|Any CPU
		{2E7B2FFF-69ED-4B4B-92C6-7F2DE565AB54}.Debug|Mixed Platforms.Build.0 = Debug|Any CPU
		{2E7B2FFF-69ED-4B4B-92C6-7F2DE565AB54}.Debug|x86.ActiveCfg = Debug|Any CPU
		{2E7B2FFF-69ED-4B4B-92C6-7F2DE565AB54}.Release|Any CPU.ActiveCfg = Release|Any CPU
		{2E7B2FFF-69ED-4B4B-92C6-7F2DE565AB54}.Release|Any CPU.Build.0 = Release|Any CPU
		{2E7B2FFF-69ED-4B4B-92C6-7F2DE565AB54}.Release|Mixed Platforms.ActiveCfg = Release|Any CPU
		{2E7B2FFF-69ED-4B4B-92C6-7F2DE565AB54}.Release|Mixed Platforms.Build.0 = Release|Any CPU
		{2E7B2FFF-69ED-4B4B-92C6-7F2DE565AB54}.Release|x86.ActiveCfg = Release|Any CPU
		{3DB456A4-EBCC-48AC-B4EE-C229BAACCC94}.Debug|Any CPU.ActiveCfg = Debug|x86
		{3DB456A4-EBCC-48AC-B4EE-C229BAACCC94}.Debug|Mixed Platforms.ActiveCfg = Debug|x86
		{3DB456A4-EBCC-48AC-B4EE-C229BAACCC94}.Debug|Mixed Platforms.Build.0 = Debug|x86
		{3DB456A4-EBCC-48AC-B4EE-C229BAACCC94}.Debug|x86.ActiveCfg = Debug|x86
		{3DB456A4-EBCC-48AC-B4EE-C229BAACCC94}.Debug|x86.Build.0 = Debug|x86
		{3DB456A4-EBCC-48AC-B4EE-C229BAACCC94}.Release|Any CPU.ActiveCfg = Release|x86
		{3DB456A4-EBCC-48AC-B4EE-C229BAACCC94}.Release|Mixed Platforms.ActiveCfg = Release|x86
		{3DB456A4-EBCC-48AC-B4EE-C229BAACCC94}.Release|Mixed Platforms.Build.0 = Release|x86
		{3DB456A4-EBCC-48AC-B4EE-C229BAACCC94}.Release|x86.ActiveCfg = Release|x86
		{3DB456A4-EBCC-48AC-B4EE-C229BAACCC94}.Release|x86.Build.0 = Release|x86
		{4BEE7099-E9EF-4B8E-A6C4-F787949C7170}.Debug|Any CPU.ActiveCfg = Debug|Any CPU
		{4BEE7099-E9EF-4B8E-A6C4-F787949C7170}.Debug|Any CPU.Build.0 = Debug|Any CPU
		{4BEE7099-E9EF-4B8E-A6C4-F787949C7170}.Debug|Mixed Platforms.ActiveCfg = Debug|Any CPU
		{4BEE7099-E9EF-4B8E-A6C4-F787949C7170}.Debug|Mixed Platforms.Build.0 = Debug|Any CPU
		{4BEE7099-E9EF-4B8E-A6C4-F787949C7170}.Debug|x86.ActiveCfg = Debug|Any CPU
		{4BEE7099-E9EF-4B8E-A6C4-F787949C7170}.Release|Any CPU.ActiveCfg = Release|Any CPU
		{4BEE7099-E9EF-4B8E-A6C4-F787949C7170}.Release|Any CPU.Build.0 = Release|Any CPU
		{4BEE7099-E9EF-4B8E-A6C4-F787949C7170}.Release|Mixed Platforms.ActiveCfg = Release|Any CPU
		{4BEE7099-E9EF-4B8E-A6C4-F787949C7170}.Release|Mixed Platforms.Build.0 = Release|Any CPU
		{4BEE7099-E9EF-4B8E-A6C4-F787949C7170}.Release|x86.ActiveCfg = Release|Any CPU
		{65CE8A86-A790-4E23-8FC6-8D2569E86FCF}.Debug|Any CPU.ActiveCfg = Debug|Any CPU
		{65CE8A86-A790-4E23-8FC6-8D2569E86FCF}.Debug|Any CPU.Build.0 = Debug|Any CPU
		{65CE8A86-A790-4E23-8FC6-8D2569E86FCF}.Debug|Mixed Platforms.ActiveCfg = Debug|Any CPU
		{65CE8A86-A790-4E23-8FC6-8D2569E86FCF}.Debug|Mixed Platforms.Build.0 = Debug|Any CPU
		{65CE8A86-A790-4E23-8FC6-8D2569E86FCF}.Debug|x86.ActiveCfg = Debug|Any CPU
		{65CE8A86-A790-4E23-8FC6-8D2569E86FCF}.Release|Any CPU.ActiveCfg = Release|Any CPU
		{65CE8A86-A790-4E23-8FC6-8D2569E86FCF}.Release|Any CPU.Build.0 = Release|Any CPU
		{65CE8A86-A790-4E23-8FC6-8D2569E86FCF}.Release|Mixed Platforms.ActiveCfg = Release|Any CPU
		{65CE8A86-A790-4E23-8FC6-8D2569E86FCF}.Release|Mixed Platforms.Build.0 = Release|Any CPU
		{65CE8A86-A790-4E23-8FC6-8D2569E86FCF}.Release|x86.ActiveCfg = Release|Any CPU
		{D1CA9A20-917D-44A6-A8D8-1CFE169FA204}.Debug|Any CPU.ActiveCfg = Debug|Any CPU
		{D1CA9A20-917D-44A6-A8D8-1CFE169FA204}.Debug|Any CPU.Build.0 = Debug|Any CPU
		{D1CA9A20-917D-44A6-A8D8-1CFE169FA204}.Debug|Mixed Platforms.ActiveCfg = Debug|Any CPU
		{D1CA9A20-917D-44A6-A8D8-1CFE169FA204}.Debug|Mixed Platforms.Build.0 = Debug|Any CPU
		{D1CA9A20-917D-44A6-A8D8-1CFE169FA204}.Debug|x86.ActiveCfg = Debug|Any CPU
		{D1CA9A20-917D-44A6-A8D8-1CFE169FA204}.Release|Any CPU.ActiveCfg = Release|Any CPU
		{D1CA9A20-917D-44A6-A8D8-1CFE169FA204}.Release|Any CPU.Build.0 = Release|Any CPU
		{D1CA9A20-917D-44A6-A8D8-1CFE169FA204}.Release|Mixed Platforms.ActiveCfg = Release|Any CPU
		{D1CA9A20-917D-44A6-A8D8-1CFE169FA204}.Release|Mixed Platforms.Build.0 = Release|Any CPU
		{D1CA9A20-917D-44A6-A8D8-1CFE169FA204}.Release|x86.ActiveCfg = Release|Any CPU
		{E05C38F1-2B9F-4F28-8106-4CA9EF3AAAB2}.Debug|Any CPU.ActiveCfg = Debug|Any CPU
		{E05C38F1-2B9F-4F28-8106-4CA9EF3AAAB2}.Debug|Any CPU.Build.0 = Debug|Any CPU
		{E05C38F1-2B9F-4F28-8106-4CA9EF3AAAB2}.Debug|Mixed Platforms.ActiveCfg = Debug|Any CPU
		{E05C38F1-2B9F-4F28-8106-4CA9EF3AAAB2}.Debug|Mixed Platforms.Build.0 = Debug|Any CPU
		{E05C38F1-2B9F-4F28-8106-4CA9EF3AAAB2}.Debug|x86.ActiveCfg = Debug|Any CPU
		{E05C38F1-2B9F-4F28-8106-4CA9EF3AAAB2}.Release|Any CPU.ActiveCfg = Release|Any CPU
		{E05C38F1-2B9F-4F28-8106-4CA9EF3AAAB2}.Release|Any CPU.Build.0 = Release|Any CPU
		{E05C38F1-2B9F-4F28-8106-4CA9EF3AAAB2}.Release|Mixed Platforms.ActiveCfg = Release|Any CPU
		{E05C38F1-2B9F-4F28-8106-4CA9EF3AAAB2}.Release|Mixed Platforms.Build.0 = Release|Any CPU
		{E05C38F1-2B9F-4F28-8106-4CA9EF3AAAB2}.Release|x86.ActiveCfg = Release|Any CPU
		{FB328387-9EC4-4E5F-AB16-33F652D32DEE}.Debug|Any CPU.ActiveCfg = Debug|Any CPU
		{FB328387-9EC4-4E5F-AB16-33F652D32DEE}.Debug|Any CPU.Build.0 = Debug|Any CPU
		{FB328387-9EC4-4E5F-AB16-33F652D32DEE}.Debug|Mixed Platforms.ActiveCfg = Debug|Any CPU
		{FB328387-9EC4-4E5F-AB16-33F652D32DEE}.Debug|Mixed Platforms.Build.0 = Debug|Any CPU
		{FB328387-9EC4-4E5F-AB16-33F652D32DEE}.Debug|x86.ActiveCfg = Debug|Any CPU
		{FB328387-9EC4-4E5F-AB16-33F652D32DEE}.Release|Any CPU.ActiveCfg = Release|Any CPU
		{FB328387-9EC4-4E5F-AB16-33F652D32DEE}.Release|Any CPU.Build.0 = Release|Any CPU
		{FB328387-9EC4-4E5F-AB16-33F652D32DEE}.Release|Mixed Platforms.ActiveCfg = Release|Any CPU
		{FB328387-9EC4-4E5F-AB16-33F652D32DEE}.Release|Mixed Platforms.Build.0 = Release|Any CPU
		{FB328387-9EC4-4E5F-AB16-33F652D32DEE}.Release|x86.ActiveCfg = Release|Any CPU
		{FB3B1DE3-87A6-447C-B652-D38C38488FCF}.Debug|Any CPU.ActiveCfg = Debug|Any CPU
		{FB3B1DE3-87A6-447C-B652-D38C38488FCF}.Debug|Any CPU.Build.0 = Debug|Any CPU
		{FB3B1DE3-87A6-447C-B652-D38C38488FCF}.Debug|Mixed Platforms.ActiveCfg = Debug|Any CPU
		{FB3B1DE3-87A6-447C-B652-D38C38488FCF}.Debug|Mixed Platforms.Build.0 = Debug|Any CPU
		{FB3B1DE3-87A6-447C-B652-D38C38488FCF}.Debug|x86.ActiveCfg = Debug|Any CPU
		{FB3B1DE3-87A6-447C-B652-D38C38488FCF}.Release|Any CPU.ActiveCfg = Release|Any CPU
		{FB3B1DE3-87A6-447C-B652-D38C38488FCF}.Release|Any CPU.Build.0 = Release|Any CPU
		{FB3B1DE3-87A6-447C-B652-D38C38488FCF}.Release|Mixed Platforms.ActiveCfg = Release|Any CPU
		{FB3B1DE3-87A6-447C-B652-D38C38488FCF}.Release|Mixed Platforms.Build.0 = Release|Any CPU
		{FB3B1DE3-87A6-447C-B652-D38C38488FCF}.Release|x86.ActiveCfg = Release|Any CPU
	EndGlobalSection
	GlobalSection(SolutionProperties) = preSolution
		HideSolutionNode = FALSE
	EndGlobalSection
	GlobalSection(ExtensibilityGlobals) = postSolution
		EnterpriseLibraryConfigurationToolBinariesPath = packages\Unity.2.1.505.0\lib\NET35;packages\Unity.Interception.2.1.505.0\lib\NET35;packages\EnterpriseLibrary.Common.5.0.505.0\lib\NET35;packages\EnterpriseLibrary.Caching.5.0.505.0\lib\NET35
	EndGlobalSection
	GlobalSection(SubversionScc) = preSolution
		Manager = AnkhSVN - Subversion Support for Visual Studio
		Svn-Managed = True
	EndGlobalSection
EndGlobal
